
Microsoft Visual Studio Solution File, Format Version 12.00
# Visual Studio Version 17
VisualStudioVersion = 17.14.36511.14 d17.14
MinimumVisualStudioVersion = 10.0.40219.1
Project("{FAE04EC0-301F-11D3-BF4B-00C04F79EFBC}") = "TrainWizard", "TrainWizard.csproj", "{10E1474B-ED9D-4D0F-937C-F5458121B434}"
EndProject
Global
	GlobalSection(SolutionConfigurationPlatforms) = preSolution
		Debug|Any CPU = Debug|Any CPU
		Release|Any CPU = Release|Any CPU
	EndGlobalSection
	GlobalSection(ProjectConfigurationPlatforms) = postSolution
		{10E1474B-ED9D-4D0F-937C-F5458121B434}.Debug|Any CPU.ActiveCfg = Debug|Any CPU
		{10E1474B-ED9D-4D0F-937C-F5458121B434}.Debug|Any CPU.Build.0 = Debug|Any CPU
		{10E1474B-ED9D-4D0F-937C-F5458121B434}.Release|Any CPU.ActiveCfg = Release|Any CPU
		{10E1474B-ED9D-4D0F-937C-F5458121B434}.Release|Any CPU.Build.0 = Release|Any CPU
	EndGlobalSection
	GlobalSection(SolutionProperties) = preSolution
		HideSolutionNode = FALSE
	EndGlobalSection
	GlobalSection(ExtensibilityGlobals) = postSolution
		SolutionGuid = {B7510ACB-3994-4907-9A2C-B88E4DC3FB81}
	EndGlobalSection
EndGlobal
